
Microsoft Visual Studio Solution File, Format Version 12.00
# Visual Studio Version 17
VisualStudioVersion = 17.7.34009.444
MinimumVisualStudioVersion = 10.0.40219.1
Project("{9A19103F-16F7-4668-BE54-9A1E7A4F7556}") = "AzureCraft.WPF", "AzureCraft.WPF\AzureCraft.WPF.csproj", "{4AEF2A80-6A90-4A49-9362-ED12B983656B}"
EndProject
Project("{00D1A9C2-B5F0-4AF3-8072-F6C62B433612}") = "AzureCraft.Data", "AzureCraft.Data\AzureCraft.Data.sqlproj", "{B8715DCF-D9FF-4E6A-8F54-BAD42FBA1B3D}"
EndProject
Project("{9A19103F-16F7-4668-BE54-9A1E7A4F7556}") = "AzureCraft.API.Library", "AzureCraft.API.Library\AzureCraft.API.Library.csproj", "{4F7E65BA-6633-4667-B447-054A50604C99}"
EndProject
Project("{2150E333-8FDC-42A3-9474-1A3956D46DE8}") = "API", "API", "{C327D175-0816-417A-818E-20114FDAF8E2}"
EndProject
Project("{2150E333-8FDC-42A3-9474-1A3956D46DE8}") = "Data", "Data", "{A29DB272-9D5F-4E8B-AB99-CEECB3F949DD}"
EndProject
Project("{2150E333-8FDC-42A3-9474-1A3956D46DE8}") = "WPF", "WPF", "{06BD32EF-E0AB-45DC-872F-FC2B960367D6}"
EndProject
Project("{9A19103F-16F7-4668-BE54-9A1E7A4F7556}") = "AzureCraft.Portal", "AzureCraft.Portal\AzureCraft.Portal.csproj", "{9B65061C-BCBB-4106-A3CD-88921FDE9E1F}"
EndProject
Project("{2150E333-8FDC-42A3-9474-1A3956D46DE8}") = "Web", "Web", "{76BECCA6-702B-4316-9CCC-60C39654D601}"
EndProject
Project("{2150E333-8FDC-42A3-9474-1A3956D46DE8}") = "Test", "Test", "{C6D8DE91-F0F7-4283-BC51-7BAD9D2B4C8C}"
EndProject
Project("{9A19103F-16F7-4668-BE54-9A1E7A4F7556}") = "AzureCraft.Test", "AzureCraft.Test\AzureCraft.Test.csproj", "{CDDB8919-2711-4A87-AB52-44D353E395FD}"
EndProject
Project("{9A19103F-16F7-4668-BE54-9A1E7A4F7556}") = "AzureCraft.API", "AzureCraft.API\AzureCraft.API.csproj", "{994E01CD-CCE1-4FE6-A365-4F8C2A087D34}"
EndProject
Project("{FAE04EC0-301F-11D3-BF4B-00C04F79EFBC}") = "AzureCraft.WPF.Library", "AzureCraft.WPF.Library\AzureCraft.WPF.Library.csproj", "{EFDDF5C3-73BD-4737-8C1A-47FE51CC0E3C}"
EndProject
Global
	GlobalSection(SolutionConfigurationPlatforms) = preSolution
		Debug|Any CPU = Debug|Any CPU
		Release|Any CPU = Release|Any CPU
	EndGlobalSection
	GlobalSection(ProjectConfigurationPlatforms) = postSolution
		{4AEF2A80-6A90-4A49-9362-ED12B983656B}.Debug|Any CPU.ActiveCfg = Debug|Any CPU
		{4AEF2A80-6A90-4A49-9362-ED12B983656B}.Debug|Any CPU.Build.0 = Debug|Any CPU
		{4AEF2A80-6A90-4A49-9362-ED12B983656B}.Release|Any CPU.ActiveCfg = Release|Any CPU
		{4AEF2A80-6A90-4A49-9362-ED12B983656B}.Release|Any CPU.Build.0 = Release|Any CPU
		{B8715DCF-D9FF-4E6A-8F54-BAD42FBA1B3D}.Debug|Any CPU.ActiveCfg = Debug|Any CPU
		{B8715DCF-D9FF-4E6A-8F54-BAD42FBA1B3D}.Debug|Any CPU.Build.0 = Debug|Any CPU
		{B8715DCF-D9FF-4E6A-8F54-BAD42FBA1B3D}.Debug|Any CPU.Deploy.0 = Debug|Any CPU
		{B8715DCF-D9FF-4E6A-8F54-BAD42FBA1B3D}.Release|Any CPU.ActiveCfg = Release|Any CPU
		{B8715DCF-D9FF-4E6A-8F54-BAD42FBA1B3D}.Release|Any CPU.Build.0 = Release|Any CPU
		{B8715DCF-D9FF-4E6A-8F54-BAD42FBA1B3D}.Release|Any CPU.Deploy.0 = Release|Any CPU
		{4F7E65BA-6633-4667-B447-054A50604C99}.Debug|Any CPU.ActiveCfg = Debug|Any CPU
		{4F7E65BA-6633-4667-B447-054A50604C99}.Debug|Any CPU.Build.0 = Debug|Any CPU
		{4F7E65BA-6633-4667-B447-054A50604C99}.Release|Any CPU.ActiveCfg = Release|Any CPU
		{4F7E65BA-6633-4667-B447-054A50604C99}.Release|Any CPU.Build.0 = Release|Any CPU
		{9B65061C-BCBB-4106-A3CD-88921FDE9E1F}.Debug|Any CPU.ActiveCfg = Debug|Any CPU
		{9B65061C-BCBB-4106-A3CD-88921FDE9E1F}.Debug|Any CPU.Build.0 = Debug|Any CPU
		{9B65061C-BCBB-4106-A3CD-88921FDE9E1F}.Release|Any CPU.ActiveCfg = Release|Any CPU
		{9B65061C-BCBB-4106-A3CD-88921FDE9E1F}.Release|Any CPU.Build.0 = Release|Any CPU
		{CDDB8919-2711-4A87-AB52-44D353E395FD}.Debug|Any CPU.ActiveCfg = Debug|Any CPU
		{CDDB8919-2711-4A87-AB52-44D353E395FD}.Debug|Any CPU.Build.0 = Debug|Any CPU
		{CDDB8919-2711-4A87-AB52-44D353E395FD}.Release|Any CPU.ActiveCfg = Release|Any CPU
		{CDDB8919-2711-4A87-AB52-44D353E395FD}.Release|Any CPU.Build.0 = Release|Any CPU
		{994E01CD-CCE1-4FE6-A365-4F8C2A087D34}.Debug|Any CPU.ActiveCfg = Debug|Any CPU
		{994E01CD-CCE1-4FE6-A365-4F8C2A087D34}.Debug|Any CPU.Build.0 = Debug|Any CPU
		{994E01CD-CCE1-4FE6-A365-4F8C2A087D34}.Release|Any CPU.ActiveCfg = Release|Any CPU
		{994E01CD-CCE1-4FE6-A365-4F8C2A087D34}.Release|Any CPU.Build.0 = Release|Any CPU
		{EFDDF5C3-73BD-4737-8C1A-47FE51CC0E3C}.Debug|Any CPU.ActiveCfg = Debug|Any CPU
		{EFDDF5C3-73BD-4737-8C1A-47FE51CC0E3C}.Debug|Any CPU.Build.0 = Debug|Any CPU
		{EFDDF5C3-73BD-4737-8C1A-47FE51CC0E3C}.Release|Any CPU.ActiveCfg = Release|Any CPU
		{EFDDF5C3-73BD-4737-8C1A-47FE51CC0E3C}.Release|Any CPU.Build.0 = Release|Any CPU
	EndGlobalSection
	GlobalSection(SolutionProperties) = preSolution
		HideSolutionNode = FALSE
	EndGlobalSection
	GlobalSection(NestedProjects) = preSolution
		{4AEF2A80-6A90-4A49-9362-ED12B983656B} = {06BD32EF-E0AB-45DC-872F-FC2B960367D6}
		{B8715DCF-D9FF-4E6A-8F54-BAD42FBA1B3D} = {A29DB272-9D5F-4E8B-AB99-CEECB3F949DD}
		{4F7E65BA-6633-4667-B447-054A50604C99} = {C327D175-0816-417A-818E-20114FDAF8E2}
		{9B65061C-BCBB-4106-A3CD-88921FDE9E1F} = {76BECCA6-702B-4316-9CCC-60C39654D601}
		{CDDB8919-2711-4A87-AB52-44D353E395FD} = {C6D8DE91-F0F7-4283-BC51-7BAD9D2B4C8C}
		{994E01CD-CCE1-4FE6-A365-4F8C2A087D34} = {C327D175-0816-417A-818E-20114FDAF8E2}
		{EFDDF5C3-73BD-4737-8C1A-47FE51CC0E3C} = {06BD32EF-E0AB-45DC-872F-FC2B960367D6}
	EndGlobalSection
	GlobalSection(ExtensibilityGlobals) = postSolution
		SolutionGuid = {9A79E032-B89B-4835-BF8E-951D5B921779}
	EndGlobalSection
EndGlobal
